
Microsoft Visual Studio Solution File, Format Version 12.00
# Visual Studio 15
VisualStudioVersion = 15.0.27130.2024
MinimumVisualStudioVersion = 10.0.40219.1
Project("{FAE04EC0-301F-11D3-BF4B-00C04F79EFBC}") = "SuburbStyler", "SuburbStyler.csproj", "{FBC8EC78-6489-4B4C-8D94-F455D37D32A4}"
EndProject
Global
	GlobalSection(SolutionConfigurationPlatforms) = preSolution
		Debug|x86 = Debug|x86
		Release|x86 = Release|x86
	EndGlobalSection
	GlobalSection(ProjectConfigurationPlatforms) = postSolution
		{FBC8EC78-6489-4B4C-8D94-F455D37D32A4}.Debug|x86.ActiveCfg = Debug|x86
		{FBC8EC78-6489-4B4C-8D94-F455D37D32A4}.Debug|x86.Build.0 = Debug|x86
		{FBC8EC78-6489-4B4C-8D94-F455D37D32A4}.Release|x86.ActiveCfg = Release|x86
		{FBC8EC78-6489-4B4C-8D94-F455D37D32A4}.Release|x86.Build.0 = Release|x86
	EndGlobalSection
	GlobalSection(SolutionProperties) = preSolution
		HideSolutionNode = FALSE
	EndGlobalSection
	GlobalSection(ExtensibilityGlobals) = postSolution
		SolutionGuid = {6D99199B-D981-405C-ACFD-DF5A7068AACA}
	EndGlobalSection
EndGlobal
